
Microsoft Visual Studio Solution File, Format Version 12.00
# Visual Studio Version 17
VisualStudioVersion = 17.4.33205.214
MinimumVisualStudioVersion = 10.0.40219.1
Project("{9A19103F-16F7-4668-BE54-9A1E7A4F7556}") = "Presentation.WebApi", "src\ShoppingCart.WebApi\Presentation.WebApi.csproj", "{FDD28ADA-1ADE-4E9D-AFDA-C7916CABE996}"
EndProject
Project("{9A19103F-16F7-4668-BE54-9A1E7A4F7556}") = "Presentation.IoC", "src\Presentation.IoC\Presentation.IoC.csproj", "{7ECBA2B5-44DC-494A-941E-123E1FC4D9F6}"
EndProject
Project("{9A19103F-16F7-4668-BE54-9A1E7A4F7556}") = "Presentation.GrpcApi", "src\Presentation.GrpcApi\Presentation.GrpcApi.csproj", "{95E7A7FB-006C-41C3-9A93-CFBB272C9CC8}"
EndProject
Project("{FAE04EC0-301F-11D3-BF4B-00C04F79EFBC}") = "ShoppingCart.Domain", "src\ShoppingCart.Domain\ShoppingCart.Domain.csproj", "{53640473-CAD8-49D5-BD46-D585FE21ABC8}"
EndProject
Project("{FAE04EC0-301F-11D3-BF4B-00C04F79EFBC}") = "ShoppingCart.Application", "src\ShoppingCart.Application\ShoppingCart.Application.csproj", "{97B2F077-4E54-4F35-9285-0C81D8F009E2}"
EndProject
Project("{FAE04EC0-301F-11D3-BF4B-00C04F79EFBC}") = "ShoppingCart.Infra.Data", "Infra.Data\ShoppingCart.Infra.Data.csproj", "{5E17EE8E-FE4A-485F-BCA4-82A88713EB8B}"
EndProject
Project("{FAE04EC0-301F-11D3-BF4B-00C04F79EFBC}") = "ShoppingCart.Infra.CrossCutting", "ShoppingCart.Infra.CrossCutting\ShoppingCart.Infra.CrossCutting.csproj", "{6F3E714D-6F78-4F01-8C62-744C6B7BB837}"
EndProject
Global
	GlobalSection(SolutionConfigurationPlatforms) = preSolution
		Debug|Any CPU = Debug|Any CPU
		Release|Any CPU = Release|Any CPU
	EndGlobalSection
	GlobalSection(ProjectConfigurationPlatforms) = postSolution
		{FDD28ADA-1ADE-4E9D-AFDA-C7916CABE996}.Debug|Any CPU.ActiveCfg = Debug|Any CPU
		{FDD28ADA-1ADE-4E9D-AFDA-C7916CABE996}.Debug|Any CPU.Build.0 = Debug|Any CPU
		{FDD28ADA-1ADE-4E9D-AFDA-C7916CABE996}.Release|Any CPU.ActiveCfg = Release|Any CPU
		{FDD28ADA-1ADE-4E9D-AFDA-C7916CABE996}.Release|Any CPU.Build.0 = Release|Any CPU
		{7ECBA2B5-44DC-494A-941E-123E1FC4D9F6}.Debug|Any CPU.ActiveCfg = Debug|Any CPU
		{7ECBA2B5-44DC-494A-941E-123E1FC4D9F6}.Debug|Any CPU.Build.0 = Debug|Any CPU
		{7ECBA2B5-44DC-494A-941E-123E1FC4D9F6}.Release|Any CPU.ActiveCfg = Release|Any CPU
		{7ECBA2B5-44DC-494A-941E-123E1FC4D9F6}.Release|Any CPU.Build.0 = Release|Any CPU
		{95E7A7FB-006C-41C3-9A93-CFBB272C9CC8}.Debug|Any CPU.ActiveCfg = Debug|Any CPU
		{95E7A7FB-006C-41C3-9A93-CFBB272C9CC8}.Debug|Any CPU.Build.0 = Debug|Any CPU
		{95E7A7FB-006C-41C3-9A93-CFBB272C9CC8}.Release|Any CPU.ActiveCfg = Release|Any CPU
		{95E7A7FB-006C-41C3-9A93-CFBB272C9CC8}.Release|Any CPU.Build.0 = Release|Any CPU
		{53640473-CAD8-49D5-BD46-D585FE21ABC8}.Debug|Any CPU.ActiveCfg = Debug|Any CPU
		{53640473-CAD8-49D5-BD46-D585FE21ABC8}.Debug|Any CPU.Build.0 = Debug|Any CPU
		{53640473-CAD8-49D5-BD46-D585FE21ABC8}.Release|Any CPU.ActiveCfg = Release|Any CPU
		{53640473-CAD8-49D5-BD46-D585FE21ABC8}.Release|Any CPU.Build.0 = Release|Any CPU
		{97B2F077-4E54-4F35-9285-0C81D8F009E2}.Debug|Any CPU.ActiveCfg = Debug|Any CPU
		{97B2F077-4E54-4F35-9285-0C81D8F009E2}.Debug|Any CPU.Build.0 = Debug|Any CPU
		{97B2F077-4E54-4F35-9285-0C81D8F009E2}.Release|Any CPU.ActiveCfg = Release|Any CPU
		{97B2F077-4E54-4F35-9285-0C81D8F009E2}.Release|Any CPU.Build.0 = Release|Any CPU
		{5E17EE8E-FE4A-485F-BCA4-82A88713EB8B}.Debug|Any CPU.ActiveCfg = Debug|Any CPU
		{5E17EE8E-FE4A-485F-BCA4-82A88713EB8B}.Debug|Any CPU.Build.0 = Debug|Any CPU
		{5E17EE8E-FE4A-485F-BCA4-82A88713EB8B}.Release|Any CPU.ActiveCfg = Release|Any CPU
		{5E17EE8E-FE4A-485F-BCA4-82A88713EB8B}.Release|Any CPU.Build.0 = Release|Any CPU
		{6F3E714D-6F78-4F01-8C62-744C6B7BB837}.Debug|Any CPU.ActiveCfg = Debug|Any CPU
		{6F3E714D-6F78-4F01-8C62-744C6B7BB837}.Debug|Any CPU.Build.0 = Debug|Any CPU
		{6F3E714D-6F78-4F01-8C62-744C6B7BB837}.Release|Any CPU.ActiveCfg = Release|Any CPU
		{6F3E714D-6F78-4F01-8C62-744C6B7BB837}.Release|Any CPU.Build.0 = Release|Any CPU
	EndGlobalSection
	GlobalSection(SolutionProperties) = preSolution
		HideSolutionNode = FALSE
	EndGlobalSection
	GlobalSection(ExtensibilityGlobals) = postSolution
		SolutionGuid = {0105BB00-7C36-473B-9FC8-6EEE6C6FB273}
	EndGlobalSection
EndGlobal
